
Microsoft Visual Studio Solution File, Format Version 12.00
# Visual Studio Version 17
VisualStudioVersion = 17.4.33205.214
MinimumVisualStudioVersion = 10.0.40219.1
Project("{9A19103F-16F7-4668-BE54-9A1E7A4F7556}") = "BuildingBlocks", "src\BuildingBlocks\BuildingBlocks.csproj", "{3DDD6EE6-1520-4C3F-950E-9FFFC93DE176}"
EndProject
Project("{9A19103F-16F7-4668-BE54-9A1E7A4F7556}") = "ApiGateway", "src\ApiGateway\src\ApiGateway.csproj", "{758F1D4B-4C00-4B42-8C7D-52D4429DFA6C}"
EndProject
Project("{2150E333-8FDC-42A3-9474-1A3956D46DE8}") = "Catalog", "Catalog", "{EEDFB270-BA6D-4EB5-9DCC-FF7995846CFD}"
EndProject
Project("{9A19103F-16F7-4668-BE54-9A1E7A4F7556}") = "Catalog.Api", "src\Services\Catalog\src\Catalog.Api\Catalog.Api.csproj", "{4CB1B704-0B3E-4286-8480-43A41AFDF787}"
EndProject
Project("{9A19103F-16F7-4668-BE54-9A1E7A4F7556}") = "Catalog.Application", "src\Services\Catalog\src\Catalog.Application\Catalog.Application.csproj", "{E6A1D305-C2B6-4D0D-860F-ED0C261F4C72}"
EndProject
Project("{9A19103F-16F7-4668-BE54-9A1E7A4F7556}") = "Catalog.Domain", "src\Services\Catalog\src\Catalog.Domain\Catalog.Domain.csproj", "{7CE58F2C-BE9A-4F85-887C-A11D90FED576}"
EndProject
Project("{9A19103F-16F7-4668-BE54-9A1E7A4F7556}") = "Catalog.Persistence", "src\Services\Catalog\src\Catalog.Persistence\Catalog.Persistence.csproj", "{70C89B9B-B4B9-46A7-9268-1B4A45C4AEEE}"
EndProject
Project("{2150E333-8FDC-42A3-9474-1A3956D46DE8}") = "Bookmarks", "Bookmarks", "{B8A9F987-1DB7-43B9-A6B7-8BA27ADB7D45}"
EndProject
Project("{9A19103F-16F7-4668-BE54-9A1E7A4F7556}") = "Bookmarks.Domain", "src\Services\Bookmarks\src\Bookmarks.Domain\Bookmarks.Domain.csproj", "{57F74BDE-0316-4EAF-A6A2-8EC22AF5FF69}"
EndProject
Project("{9A19103F-16F7-4668-BE54-9A1E7A4F7556}") = "Bookmarks.Application", "src\Services\Bookmarks\src\Bookmarks.Application\Bookmarks.Application.csproj", "{9B3AAFA5-8D6B-4C16-BC25-24F7F6D55756}"
EndProject
Project("{9A19103F-16F7-4668-BE54-9A1E7A4F7556}") = "Bookmarks.Persistence", "src\Services\Bookmarks\src\Bookmarks.Persistence\Bookmarks.Persistence.csproj", "{44E1B709-204E-40FB-B21A-5C015C25DD1A}"
EndProject
Project("{9A19103F-16F7-4668-BE54-9A1E7A4F7556}") = "Bookmarks.Api", "src\Services\Bookmarks\src\Bookmarks.Api\Bookmarks.Api.csproj", "{C34BCD75-C6AA-4478-BE5D-47B0BD8424AD}"
EndProject
Project("{2150E333-8FDC-42A3-9474-1A3956D46DE8}") = "ShoppingCart", "ShoppingCart", "{DDE87DC9-BA13-494C-B235-C88C3B7FCE9C}"
EndProject
Project("{FAE04EC0-301F-11D3-BF4B-00C04F79EFBC}") = "Cart.Domain", "Cart.Domain\Cart.Domain.csproj", "{ADB67927-EC15-44AA-AB86-46132349C933}"
EndProject
Project("{FAE04EC0-301F-11D3-BF4B-00C04F79EFBC}") = "Cart.API", "Cart.API\Cart.API.csproj", "{97F5E454-66C5-498C-AB78-CCEA7045B1F9}"
EndProject
Project("{2150E333-8FDC-42A3-9474-1A3956D46DE8}") = "OrderingService", "OrderingService", "{78126182-4A16-4DB8-82A9-8C8EB601DB56}"
EndProject
Project("{FAE04EC0-301F-11D3-BF4B-00C04F79EFBC}") = "OrderingService.Core", "OrderingService.Core\OrderingService.Core.csproj", "{5F8F365A-D31C-4030-AE56-C807B8AF778B}"
EndProject
Project("{FAE04EC0-301F-11D3-BF4B-00C04F79EFBC}") = "OrderingService.Core.Entities", "OrderEntities\OrderingService.Core.Entities.csproj", "{CD50F7A6-650E-4A16-8358-67550E9DD216}"
EndProject
Project("{2150E333-8FDC-42A3-9474-1A3956D46DE8}") = "OrderService", "OrderService", "{B22988FC-2BF2-4A00-A6CD-E839F7FB687D}"
EndProject
Project("{FAE04EC0-301F-11D3-BF4B-00C04F79EFBC}") = "OrderService.Application", "OrderService.Application\OrderService.Application.csproj", "{F3E9858D-53B7-4385-B4C8-309CE4C2FE72}"
EndProject
Project("{FAE04EC0-301F-11D3-BF4B-00C04F79EFBC}") = "OrderService.Domain", "OrderService.Domain\OrderService.Domain.csproj", "{79898AE1-383D-43B2-9CA5-39B86C8E2A5D}"
EndProject
Project("{FAE04EC0-301F-11D3-BF4B-00C04F79EFBC}") = "OrderService.Persistence", "OrderService.Persistence\OrderService.Persistence.csproj", "{D3D39330-F706-47FA-83F3-03D1930519C9}"
EndProject
Global
	GlobalSection(SolutionConfigurationPlatforms) = preSolution
		Debug|Any CPU = Debug|Any CPU
		Release|Any CPU = Release|Any CPU
	EndGlobalSection
	GlobalSection(ProjectConfigurationPlatforms) = postSolution
		{3DDD6EE6-1520-4C3F-950E-9FFFC93DE176}.Debug|Any CPU.ActiveCfg = Debug|Any CPU
		{3DDD6EE6-1520-4C3F-950E-9FFFC93DE176}.Debug|Any CPU.Build.0 = Debug|Any CPU
		{3DDD6EE6-1520-4C3F-950E-9FFFC93DE176}.Release|Any CPU.ActiveCfg = Release|Any CPU
		{3DDD6EE6-1520-4C3F-950E-9FFFC93DE176}.Release|Any CPU.Build.0 = Release|Any CPU
		{758F1D4B-4C00-4B42-8C7D-52D4429DFA6C}.Debug|Any CPU.ActiveCfg = Debug|Any CPU
		{758F1D4B-4C00-4B42-8C7D-52D4429DFA6C}.Debug|Any CPU.Build.0 = Debug|Any CPU
		{758F1D4B-4C00-4B42-8C7D-52D4429DFA6C}.Release|Any CPU.ActiveCfg = Release|Any CPU
		{758F1D4B-4C00-4B42-8C7D-52D4429DFA6C}.Release|Any CPU.Build.0 = Release|Any CPU
		{4CB1B704-0B3E-4286-8480-43A41AFDF787}.Debug|Any CPU.ActiveCfg = Debug|Any CPU
		{4CB1B704-0B3E-4286-8480-43A41AFDF787}.Debug|Any CPU.Build.0 = Debug|Any CPU
		{4CB1B704-0B3E-4286-8480-43A41AFDF787}.Release|Any CPU.ActiveCfg = Release|Any CPU
		{4CB1B704-0B3E-4286-8480-43A41AFDF787}.Release|Any CPU.Build.0 = Release|Any CPU
		{E6A1D305-C2B6-4D0D-860F-ED0C261F4C72}.Debug|Any CPU.ActiveCfg = Debug|Any CPU
		{E6A1D305-C2B6-4D0D-860F-ED0C261F4C72}.Debug|Any CPU.Build.0 = Debug|Any CPU
		{E6A1D305-C2B6-4D0D-860F-ED0C261F4C72}.Release|Any CPU.ActiveCfg = Release|Any CPU
		{E6A1D305-C2B6-4D0D-860F-ED0C261F4C72}.Release|Any CPU.Build.0 = Release|Any CPU
		{7CE58F2C-BE9A-4F85-887C-A11D90FED576}.Debug|Any CPU.ActiveCfg = Debug|Any CPU
		{7CE58F2C-BE9A-4F85-887C-A11D90FED576}.Debug|Any CPU.Build.0 = Debug|Any CPU
		{7CE58F2C-BE9A-4F85-887C-A11D90FED576}.Release|Any CPU.ActiveCfg = Release|Any CPU
		{7CE58F2C-BE9A-4F85-887C-A11D90FED576}.Release|Any CPU.Build.0 = Release|Any CPU
		{70C89B9B-B4B9-46A7-9268-1B4A45C4AEEE}.Debug|Any CPU.ActiveCfg = Debug|Any CPU
		{70C89B9B-B4B9-46A7-9268-1B4A45C4AEEE}.Debug|Any CPU.Build.0 = Debug|Any CPU
		{70C89B9B-B4B9-46A7-9268-1B4A45C4AEEE}.Release|Any CPU.ActiveCfg = Release|Any CPU
		{70C89B9B-B4B9-46A7-9268-1B4A45C4AEEE}.Release|Any CPU.Build.0 = Release|Any CPU
		{57F74BDE-0316-4EAF-A6A2-8EC22AF5FF69}.Debug|Any CPU.ActiveCfg = Debug|Any CPU
		{57F74BDE-0316-4EAF-A6A2-8EC22AF5FF69}.Debug|Any CPU.Build.0 = Debug|Any CPU
		{57F74BDE-0316-4EAF-A6A2-8EC22AF5FF69}.Release|Any CPU.ActiveCfg = Release|Any CPU
		{57F74BDE-0316-4EAF-A6A2-8EC22AF5FF69}.Release|Any CPU.Build.0 = Release|Any CPU
		{9B3AAFA5-8D6B-4C16-BC25-24F7F6D55756}.Debug|Any CPU.ActiveCfg = Debug|Any CPU
		{9B3AAFA5-8D6B-4C16-BC25-24F7F6D55756}.Debug|Any CPU.Build.0 = Debug|Any CPU
		{9B3AAFA5-8D6B-4C16-BC25-24F7F6D55756}.Release|Any CPU.ActiveCfg = Release|Any CPU
		{9B3AAFA5-8D6B-4C16-BC25-24F7F6D55756}.Release|Any CPU.Build.0 = Release|Any CPU
		{44E1B709-204E-40FB-B21A-5C015C25DD1A}.Debug|Any CPU.ActiveCfg = Debug|Any CPU
		{44E1B709-204E-40FB-B21A-5C015C25DD1A}.Debug|Any CPU.Build.0 = Debug|Any CPU
		{44E1B709-204E-40FB-B21A-5C015C25DD1A}.Release|Any CPU.ActiveCfg = Release|Any CPU
		{44E1B709-204E-40FB-B21A-5C015C25DD1A}.Release|Any CPU.Build.0 = Release|Any CPU
		{C34BCD75-C6AA-4478-BE5D-47B0BD8424AD}.Debug|Any CPU.ActiveCfg = Debug|Any CPU
		{C34BCD75-C6AA-4478-BE5D-47B0BD8424AD}.Debug|Any CPU.Build.0 = Debug|Any CPU
		{C34BCD75-C6AA-4478-BE5D-47B0BD8424AD}.Release|Any CPU.ActiveCfg = Release|Any CPU
		{C34BCD75-C6AA-4478-BE5D-47B0BD8424AD}.Release|Any CPU.Build.0 = Release|Any CPU
		{ADB67927-EC15-44AA-AB86-46132349C933}.Debug|Any CPU.ActiveCfg = Debug|Any CPU
		{ADB67927-EC15-44AA-AB86-46132349C933}.Debug|Any CPU.Build.0 = Debug|Any CPU
		{ADB67927-EC15-44AA-AB86-46132349C933}.Release|Any CPU.ActiveCfg = Release|Any CPU
		{ADB67927-EC15-44AA-AB86-46132349C933}.Release|Any CPU.Build.0 = Release|Any CPU
		{97F5E454-66C5-498C-AB78-CCEA7045B1F9}.Debug|Any CPU.ActiveCfg = Debug|Any CPU
		{97F5E454-66C5-498C-AB78-CCEA7045B1F9}.Debug|Any CPU.Build.0 = Debug|Any CPU
		{97F5E454-66C5-498C-AB78-CCEA7045B1F9}.Release|Any CPU.ActiveCfg = Release|Any CPU
		{97F5E454-66C5-498C-AB78-CCEA7045B1F9}.Release|Any CPU.Build.0 = Release|Any CPU
		{5F8F365A-D31C-4030-AE56-C807B8AF778B}.Debug|Any CPU.ActiveCfg = Debug|Any CPU
		{5F8F365A-D31C-4030-AE56-C807B8AF778B}.Debug|Any CPU.Build.0 = Debug|Any CPU
		{5F8F365A-D31C-4030-AE56-C807B8AF778B}.Release|Any CPU.ActiveCfg = Release|Any CPU
		{5F8F365A-D31C-4030-AE56-C807B8AF778B}.Release|Any CPU.Build.0 = Release|Any CPU
		{CD50F7A6-650E-4A16-8358-67550E9DD216}.Debug|Any CPU.ActiveCfg = Debug|Any CPU
		{CD50F7A6-650E-4A16-8358-67550E9DD216}.Debug|Any CPU.Build.0 = Debug|Any CPU
		{CD50F7A6-650E-4A16-8358-67550E9DD216}.Release|Any CPU.ActiveCfg = Release|Any CPU
		{CD50F7A6-650E-4A16-8358-67550E9DD216}.Release|Any CPU.Build.0 = Release|Any CPU
		{F3E9858D-53B7-4385-B4C8-309CE4C2FE72}.Debug|Any CPU.ActiveCfg = Debug|Any CPU
		{F3E9858D-53B7-4385-B4C8-309CE4C2FE72}.Debug|Any CPU.Build.0 = Debug|Any CPU
		{F3E9858D-53B7-4385-B4C8-309CE4C2FE72}.Release|Any CPU.ActiveCfg = Release|Any CPU
		{F3E9858D-53B7-4385-B4C8-309CE4C2FE72}.Release|Any CPU.Build.0 = Release|Any CPU
		{79898AE1-383D-43B2-9CA5-39B86C8E2A5D}.Debug|Any CPU.ActiveCfg = Debug|Any CPU
		{79898AE1-383D-43B2-9CA5-39B86C8E2A5D}.Debug|Any CPU.Build.0 = Debug|Any CPU
		{79898AE1-383D-43B2-9CA5-39B86C8E2A5D}.Release|Any CPU.ActiveCfg = Release|Any CPU
		{79898AE1-383D-43B2-9CA5-39B86C8E2A5D}.Release|Any CPU.Build.0 = Release|Any CPU
		{D3D39330-F706-47FA-83F3-03D1930519C9}.Debug|Any CPU.ActiveCfg = Debug|Any CPU
		{D3D39330-F706-47FA-83F3-03D1930519C9}.Debug|Any CPU.Build.0 = Debug|Any CPU
		{D3D39330-F706-47FA-83F3-03D1930519C9}.Release|Any CPU.ActiveCfg = Release|Any CPU
		{D3D39330-F706-47FA-83F3-03D1930519C9}.Release|Any CPU.Build.0 = Release|Any CPU
	EndGlobalSection
	GlobalSection(SolutionProperties) = preSolution
		HideSolutionNode = FALSE
	EndGlobalSection
	GlobalSection(NestedProjects) = preSolution
		{4CB1B704-0B3E-4286-8480-43A41AFDF787} = {EEDFB270-BA6D-4EB5-9DCC-FF7995846CFD}
		{E6A1D305-C2B6-4D0D-860F-ED0C261F4C72} = {EEDFB270-BA6D-4EB5-9DCC-FF7995846CFD}
		{7CE58F2C-BE9A-4F85-887C-A11D90FED576} = {EEDFB270-BA6D-4EB5-9DCC-FF7995846CFD}
		{70C89B9B-B4B9-46A7-9268-1B4A45C4AEEE} = {EEDFB270-BA6D-4EB5-9DCC-FF7995846CFD}
		{57F74BDE-0316-4EAF-A6A2-8EC22AF5FF69} = {B8A9F987-1DB7-43B9-A6B7-8BA27ADB7D45}
		{9B3AAFA5-8D6B-4C16-BC25-24F7F6D55756} = {B8A9F987-1DB7-43B9-A6B7-8BA27ADB7D45}
		{44E1B709-204E-40FB-B21A-5C015C25DD1A} = {B8A9F987-1DB7-43B9-A6B7-8BA27ADB7D45}
		{C34BCD75-C6AA-4478-BE5D-47B0BD8424AD} = {B8A9F987-1DB7-43B9-A6B7-8BA27ADB7D45}
		{ADB67927-EC15-44AA-AB86-46132349C933} = {DDE87DC9-BA13-494C-B235-C88C3B7FCE9C}
		{97F5E454-66C5-498C-AB78-CCEA7045B1F9} = {DDE87DC9-BA13-494C-B235-C88C3B7FCE9C}
		{5F8F365A-D31C-4030-AE56-C807B8AF778B} = {78126182-4A16-4DB8-82A9-8C8EB601DB56}
		{CD50F7A6-650E-4A16-8358-67550E9DD216} = {78126182-4A16-4DB8-82A9-8C8EB601DB56}
		{F3E9858D-53B7-4385-B4C8-309CE4C2FE72} = {B22988FC-2BF2-4A00-A6CD-E839F7FB687D}
		{79898AE1-383D-43B2-9CA5-39B86C8E2A5D} = {B22988FC-2BF2-4A00-A6CD-E839F7FB687D}
		{D3D39330-F706-47FA-83F3-03D1930519C9} = {B22988FC-2BF2-4A00-A6CD-E839F7FB687D}
	EndGlobalSection
	GlobalSection(ExtensibilityGlobals) = postSolution
		SolutionGuid = {1A9F2C3A-733E-47AE-BA7F-41BB34BB2302}
	EndGlobalSection
EndGlobal
